// !$*UTF8*$!
{
	archiveVersion = 1;
	classes = {
	};
	objectVersion = 50;
	objects = {

/* Begin PBXBuildFile section */
		F232E44A235B96500054D71B /* wallet.sks in Resources */ = {isa = PBXBuildFile; fileRef = F232E449235B96500054D71B /* wallet.sks */; };
		F232E44C235BC7BA0054D71B /* people.swift in Sources */ = {isa = PBXBuildFile; fileRef = F232E44B235BC7BA0054D71B /* people.swift */; };
		F23B7A0B2324BD0500A9EED0 /* ProductOne.sks in Resources */ = {isa = PBXBuildFile; fileRef = F23B7A0A2324BD0500A9EED0 /* ProductOne.sks */; };
		F23B7A0E2324EBFE00A9EED0 /* M50X.mp4 in Resources */ = {isa = PBXBuildFile; fileRef = F23B7A0D2324EBFE00A9EED0 /* M50X.mp4 */; };
		F23B7A102324EC0400A9EED0 /* 360.mp4 in Resources */ = {isa = PBXBuildFile; fileRef = F23B7A0F2324EC0400A9EED0 /* 360.mp4 */; };
		F23B7A122324EC0D00A9EED0 /* G304.mp4 in Resources */ = {isa = PBXBuildFile; fileRef = F23B7A112324EC0D00A9EED0 /* G304.mp4 */; };
		F23B7A142324F8C700A9EED0 /* M50Xinfo.sks in Resources */ = {isa = PBXBuildFile; fileRef = F23B7A132324F8C700A9EED0 /* M50Xinfo.sks */; };
		F23B7A172325020600A9EED0 /* related.sks in Resources */ = {isa = PBXBuildFile; fileRef = F23B7A162325020600A9EED0 /* related.sks */; };
		F23B7A1D2325052500A9EED0 /* avail.sks in Resources */ = {isa = PBXBuildFile; fileRef = F23B7A1C2325052500A9EED0 /* avail.sks */; };
		F25B45AF231A6A2B008116A5 /* AppDelegate.swift in Sources */ = {isa = PBXBuildFile; fileRef = F25B45AE231A6A2B008116A5 /* AppDelegate.swift */; };
		F25B45B1231A6A2B008116A5 /* art.scnassets in Resources */ = {isa = PBXBuildFile; fileRef = F25B45B0231A6A2B008116A5 /* art.scnassets */; };
		F25B45B3231A6A2B008116A5 /* ViewController.swift in Sources */ = {isa = PBXBuildFile; fileRef = F25B45B2231A6A2B008116A5 /* ViewController.swift */; };
		F25B45B6231A6A2B008116A5 /* Main.storyboard in Resources */ = {isa = PBXBuildFile; fileRef = F25B45B4231A6A2B008116A5 /* Main.storyboard */; };
		F25B45B8231A6A2C008116A5 /* Assets.xcassets in Resources */ = {isa = PBXBuildFile; fileRef = F25B45B7231A6A2C008116A5 /* Assets.xcassets */; };
		F25B45BB231A6A2C008116A5 /* LaunchScreen.storyboard in Resources */ = {isa = PBXBuildFile; fileRef = F25B45B9231A6A2C008116A5 /* LaunchScreen.storyboard */; };
/* End PBXBuildFile section */

/* Begin PBXFileReference section */
		F232E446235B958E0054D71B /* mac.mp4 */ = {isa = PBXFileReference; lastKnownFileType = file; path = mac.mp4; sourceTree = "<group>"; };
		F232E449235B96500054D71B /* wallet.sks */ = {isa = PBXFileReference; lastKnownFileType = file.sks; path = wallet.sks; sourceTree = "<group>"; };
		F232E44B235BC7BA0054D71B /* people.swift */ = {isa = PBXFileReference; lastKnownFileType = sourcecode.swift; path = people.swift; sourceTree = "<group>"; };
		F23B7A0A2324BD0500A9EED0 /* ProductOne.sks */ = {isa = PBXFileReference; lastKnownFileType = file.sks; path = ProductOne.sks; sourceTree = "<group>"; };
		F23B7A0D2324EBFE00A9EED0 /* M50X.mp4 */ = {isa = PBXFileReference; lastKnownFileType = file; path = M50X.mp4; sourceTree = "<group>"; };
		F23B7A0F2324EC0400A9EED0 /* 360.mp4 */ = {isa = PBXFileReference; lastKnownFileType = file; path = 360.mp4; sourceTree = "<group>"; };
		F23B7A112324EC0D00A9EED0 /* G304.mp4 */ = {isa = PBXFileReference; lastKnownFileType = file; path = G304.mp4; sourceTree = "<group>"; };
		F23B7A132324F8C700A9EED0 /* M50Xinfo.sks */ = {isa = PBXFileReference; lastKnownFileType = file.sks; path = M50Xinfo.sks; sourceTree = "<group>"; };
		F23B7A162325020600A9EED0 /* related.sks */ = {isa = PBXFileReference; lastKnownFileType = file.sks; path = related.sks; sourceTree = "<group>"; };
		F23B7A1C2325052500A9EED0 /* avail.sks */ = {isa = PBXFileReference; lastKnownFileType = file.sks; path = avail.sks; sourceTree = "<group>"; };
		F25B45AB231A6A2B008116A5 /* ARInfo.app */ = {isa = PBXFileReference; explicitFileType = wrapper.application; includeInIndex = 0; path = ARInfo.app; sourceTree = BUILT_PRODUCTS_DIR; };
		F25B45AE231A6A2B008116A5 /* AppDelegate.swift */ = {isa = PBXFileReference; lastKnownFileType = sourcecode.swift; path = AppDelegate.swift; sourceTree = "<group>"; };
		F25B45B0231A6A2B008116A5 /* art.scnassets */ = {isa = PBXFileReference; lastKnownFileType = wrapper.scnassets; path = art.scnassets; sourceTree = "<group>"; };
		F25B45B2231A6A2B008116A5 /* ViewController.swift */ = {isa = PBXFileReference; lastKnownFileType = sourcecode.swift; path = ViewController.swift; sourceTree = "<group>"; };
		F25B45B5231A6A2B008116A5 /* Base */ = {isa = PBXFileReference; lastKnownFileType = file.storyboard; name = Base; path = Base.lproj/Main.storyboard; sourceTree = "<group>"; };
		F25B45B7231A6A2C008116A5 /* Assets.xcassets */ = {isa = PBXFileReference; lastKnownFileType = folder.assetcatalog; path = Assets.xcassets; sourceTree = "<group>"; };
		F25B45BA231A6A2C008116A5 /* Base */ = {isa = PBXFileReference; lastKnownFileType = file.storyboard; name = Base; path = Base.lproj/LaunchScreen.storyboard; sourceTree = "<group>"; };
		F25B45BC231A6A2C008116A5 /* Info.plist */ = {isa = PBXFileReference; lastKnownFileType = text.plist.xml; path = Info.plist; sourceTree = "<group>"; };
/* End PBXFileReference section */

/* Begin PBXFrameworksBuildPhase section */
		F25B45A8231A6A2B008116A5 /* Frameworks */ = {
			isa = PBXFrameworksBuildPhase;
			buildActionMask = 2147483647;
			files = (
			);
			runOnlyForDeploymentPostprocessing = 0;
		};
/* End PBXFrameworksBuildPhase section */

/* Begin PBXGroup section */
		F25B45A2231A6A2B008116A5 = {
			isa = PBXGroup;
			children = (
				F25B45AD231A6A2B008116A5 /* ARInfo */,
				F25B45AC231A6A2B008116A5 /* Products */,
			);
			sourceTree = "<group>";
		};
		F25B45AC231A6A2B008116A5 /* Products */ = {
			isa = PBXGroup;
			children = (
				F25B45AB231A6A2B008116A5 /* ARInfo.app */,
			);
			name = Products;
			sourceTree = "<group>";
		};
		F25B45AD231A6A2B008116A5 /* ARInfo */ = {
			isa = PBXGroup;
			children = (
				F23B7A112324EC0D00A9EED0 /* G304.mp4 */,
				F232E449235B96500054D71B /* wallet.sks */,
				F23B7A0F2324EC0400A9EED0 /* 360.mp4 */,
				F23B7A0D2324EBFE00A9EED0 /* M50X.mp4 */,
				F23B7A0A2324BD0500A9EED0 /* ProductOne.sks */,
				F232E446235B958E0054D71B /* mac.mp4 */,
				F25B45AE231A6A2B008116A5 /* AppDelegate.swift */,
				F25B45B0231A6A2B008116A5 /* art.scnassets */,
				F25B45B2231A6A2B008116A5 /* ViewController.swift */,
				F25B45B4231A6A2B008116A5 /* Main.storyboard */,
				F25B45B7231A6A2C008116A5 /* Assets.xcassets */,
				F25B45B9231A6A2C008116A5 /* LaunchScreen.storyboard */,
				F25B45BC231A6A2C008116A5 /* Info.plist */,
				F23B7A132324F8C700A9EED0 /* M50Xinfo.sks */,
				F23B7A162325020600A9EED0 /* related.sks */,
				F23B7A1C2325052500A9EED0 /* avail.sks */,
				F232E44B235BC7BA0054D71B /* people.swift */,
			);
			path = ARInfo;
			sourceTree = "<group>";
		};
/* End PBXGroup section */

/* Begin PBXNativeTarget section */
		F25B45AA231A6A2B008116A5 /* ARInfo */ = {
			isa = PBXNativeTarget;
			buildConfigurationList = F25B45BF231A6A2C008116A5 /* Build configuration list for PBXNativeTarget "ARInfo" */;
			buildPhases = (
				F25B45A7231A6A2B008116A5 /* Sources */,
				F25B45A8231A6A2B008116A5 /* Frameworks */,
				F25B45A9231A6A2B008116A5 /* Resources */,
			);
			buildRules = (
			);
			dependencies = (
			);
			name = ARInfo;
			productName = ARInfo;
			productReference = F25B45AB231A6A2B008116A5 /* ARInfo.app */;
			productType = "com.apple.product-type.application";
		};
/* End PBXNativeTarget section */

/* Begin PBXProject section */
		F25B45A3231A6A2B008116A5 /* Project object */ = {
			isa = PBXProject;
			attributes = {
				LastSwiftUpdateCheck = 1100;
				LastUpgradeCheck = 1100;
				ORGANIZATIONNAME = "Piyush Makwana";
				TargetAttributes = {
					F25B45AA231A6A2B008116A5 = {
						CreatedOnToolsVersion = 11.0;
					};
				};
			};
			buildConfigurationList = F25B45A6231A6A2B008116A5 /* Build configuration list for PBXProject "ARInfo" */;
			compatibilityVersion = "Xcode 9.3";
			developmentRegion = en;
			hasScannedForEncodings = 0;
			knownRegions = (
				en,
				Base,
			);
			mainGroup = F25B45A2231A6A2B008116A5;
			productRefGroup = F25B45AC231A6A2B008116A5 /* Products */;
			projectDirPath = "";
			projectRoot = "";
			targets = (
				F25B45AA231A6A2B008116A5 /* ARInfo */,
			);
		};
/* End PBXProject section */

/* Begin PBXResourcesBuildPhase section */
		F25B45A9231A6A2B008116A5 /* Resources */ = {
			isa = PBXResourcesBuildPhase;
			buildActionMask = 2147483647;
			files = (
				F25B45B1231A6A2B008116A5 /* art.scnassets in Resources */,
				F23B7A142324F8C700A9EED0 /* M50Xinfo.sks in Resources */,
				F23B7A1D2325052500A9EED0 /* avail.sks in Resources */,
				F25B45BB231A6A2C008116A5 /* LaunchScreen.storyboard in Resources */,
				F23B7A172325020600A9EED0 /* related.sks in Resources */,
				F23B7A0B2324BD0500A9EED0 /* ProductOne.sks in Resources */,
				F25B45B8231A6A2C008116A5 /* Assets.xcassets in Resources */,
				F25B45B6231A6A2B008116A5 /* Main.storyboard in Resources */,
				F23B7A122324EC0D00A9EED0 /* G304.mp4 in Resources */,
				F23B7A0E2324EBFE00A9EED0 /* M50X.mp4 in Resources */,
				F232E44A235B96500054D71B /* wallet.sks in Resources */,
				F23B7A102324EC0400A9EED0 /* 360.mp4 in Resources */,
			);
			runOnlyForDeploymentPostprocessing = 0;
		};
/* End PBXResourcesBuildPhase section */

/* Begin PBXSourcesBuildPhase section */
		F25B45A7231A6A2B008116A5 /* Sources */ = {
			isa = PBXSourcesBuildPhase;
			buildActionMask = 2147483647;
			files = (
				F25B45B3231A6A2B008116A5 /* ViewController.swift in Sources */,
				F25B45AF231A6A2B008116A5 /* AppDelegate.swift in Sources */,
				F232E44C235BC7BA0054D71B /* people.swift in Sources */,
			);
			runOnlyForDeploymentPostprocessing = 0;
		};
/* End PBXSourcesBuildPhase section */

/* Begin PBXVariantGroup section */
		F25B45B4231A6A2B008116A5 /* Main.storyboard */ = {
			isa = PBXVariantGroup;
			children = (
				F25B45B5231A6A2B008116A5 /* Base */,
			);
			name = Main.storyboard;
			sourceTree = "<group>";
		};
		F25B45B9231A6A2C008116A5 /* LaunchScreen.storyboard */ = {
			isa = PBXVariantGroup;
			children = (
				F25B45BA231A6A2C008116A5 /* Base */,
			);
			name = LaunchScreen.storyboard;
			sourceTree = "<group>";
		};
/* End PBXVariantGroup section */

/* Begin XCBuildConfiguration section */
		F25B45BD231A6A2C008116A5 /* Debug */ = {
			isa = XCBuildConfiguration;
			buildSettings = {
				ALWAYS_SEARCH_USER_PATHS = NO;
				CLANG_ANALYZER_NONNULL = YES;
				CLANG_ANALYZER_NUMBER_OBJECT_CONVERSION = YES_AGGRESSIVE;
				CLANG_CXX_LANGUAGE_STANDARD = "gnu++14";
				CLANG_CXX_LIBRARY = "libc++";
				CLANG_ENABLE_MODULES = YES;
				CLANG_ENABLE_OBJC_ARC = YES;
				CLANG_ENABLE_OBJC_WEAK = YES;
				CLANG_WARN_BLOCK_CAPTURE_AUTORELEASING = YES;
				CLANG_WARN_BOOL_CONVERSION = YES;
				CLANG_WARN_COMMA = YES;
				CLANG_WARN_CONSTANT_CONVERSION = YES;
				CLANG_WARN_DEPRECATED_OBJC_IMPLEMENTATIONS = YES;
				CLANG_WARN_DIRECT_OBJC_ISA_USAGE = YES_ERROR;
				CLANG_WARN_DOCUMENTATION_COMMENTS = YES;
				CLANG_WARN_EMPTY_BODY = YES;
				CLANG_WARN_ENUM_CONVERSION = YES;
				CLANG_WARN_INFINITE_RECURSION = YES;
				CLANG_WARN_INT_CONVERSION = YES;
				CLANG_WARN_NON_LITERAL_NULL_CONVERSION = YES;
				CLANG_WARN_OBJC_IMPLICIT_RETAIN_SELF = YES;
				CLANG_WARN_OBJC_LITERAL_CONVERSION = YES;
				CLANG_WARN_OBJC_ROOT_CLASS = YES_ERROR;
				CLANG_WARN_RANGE_LOOP_ANALYSIS = YES;
				CLANG_WARN_STRICT_PROTOTYPES = YES;
				CLANG_WARN_SUSPICIOUS_MOVE = YES;
				CLANG_WARN_UNGUARDED_AVAILABILITY = YES_AGGRESSIVE;
				CLANG_WARN_UNREACHABLE_CODE = YES;
				CLANG_WARN__DUPLICATE_METHOD_MATCH = YES;
				COPY_PHASE_STRIP = NO;
				DEBUG_INFORMATION_FORMAT = dwarf;
				ENABLE_STRICT_OBJC_MSGSEND = YES;
				ENABLE_TESTABILITY = YES;
				GCC_C_LANGUAGE_STANDARD = gnu11;
				GCC_DYNAMIC_NO_PIC = NO;
				GCC_NO_COMMON_BLOCKS = YES;
				GCC_OPTIMIZATION_LEVEL = 0;
				GCC_PREPROCESSOR_DEFINITIONS = (
					"DEBUG=1",
					"$(inherited)",
				);
				GCC_WARN_64_TO_32_BIT_CONVERSION = YES;
				GCC_WARN_ABOUT_RETURN_TYPE = YES_ERROR;
				GCC_WARN_UNDECLARED_SELECTOR = YES;
				GCC_WARN_UNINITIALIZED_AUTOS = YES_AGGRESSIVE;
				GCC_WARN_UNUSED_FUNCTION = YES;
				GCC_WARN_UNUSED_VARIABLE = YES;
				IPHONEOS_DEPLOYMENT_TARGET = 13.0;
				MTL_ENABLE_DEBUG_INFO = INCLUDE_SOURCE;
				MTL_FAST_MATH = YES;
				ONLY_ACTIVE_ARCH = YES;
				SDKROOT = iphoneos;
				SWIFT_ACTIVE_COMPILATION_CONDITIONS = DEBUG;
				SWIFT_OPTIMIZATION_LEVEL = "-Onone";
			};
			name = Debug;
		};
		F25B45BE231A6A2C008116A5 /* Release */ = {
			isa = XCBuildConfiguration;
			buildSettings = {
				ALWAYS_SEARCH_USER_PATHS = NO;
				CLANG_ANALYZER_NONNULL = YES;
				CLANG_ANALYZER_NUMBER_OBJECT_CONVERSION = YES_AGGRESSIVE;
				CLANG_CXX_LANGUAGE_STANDARD = "gnu++14";
				CLANG_CXX_LIBRARY = "libc++";
				CLANG_ENABLE_MODULES = YES;
				CLANG_ENABLE_OBJC_ARC = YES;
				CLANG_ENABLE_OBJC_WEAK = YES;
				CLANG_WARN_BLOCK_CAPTURE_AUTORELEASING = YES;
				CLANG_WARN_BOOL_CONVERSION = YES;
				CLANG_WARN_COMMA = YES;
				CLANG_WARN_CONSTANT_CONVERSION = YES;
				CLANG_WARN_DEPRECATED_OBJC_IMPLEMENTATIONS = YES;
				CLANG_WARN_DIRECT_OBJC_ISA_USAGE = YES_ERROR;
				CLANG_WARN_DOCUMENTATION_COMMENTS = YES;
				CLANG_WARN_EMPTY_BODY = YES;
				CLANG_WARN_ENUM_CONVERSION = YES;
				CLANG_WARN_INFINITE_RECURSION = YES;
				CLANG_WARN_INT_CONVERSION = YES;
				CLANG_WARN_NON_LITERAL_NULL_CONVERSION = YES;
				CLANG_WARN_OBJC_IMPLICIT_RETAIN_SELF = YES;
				CLANG_WARN_OBJC_LITERAL_CONVERSION = YES;
				CLANG_WARN_OBJC_ROOT_CLASS = YES_ERROR;
				CLANG_WARN_RANGE_LOOP_ANALYSIS = YES;
				CLANG_WARN_STRICT_PROTOTYPES = YES;
				CLANG_WARN_SUSPICIOUS_MOVE = YES;
				CLANG_WARN_UNGUARDED_AVAILABILITY = YES_AGGRESSIVE;
				CLANG_WARN_UNREACHABLE_CODE = YES;
				CLANG_WARN__DUPLICATE_METHOD_MATCH = YES;
				COPY_PHASE_STRIP = NO;
				DEBUG_INFORMATION_FORMAT = "dwarf-with-dsym";
				ENABLE_NS_ASSERTIONS = NO;
				ENABLE_STRICT_OBJC_MSGSEND = YES;
				GCC_C_LANGUAGE_STANDARD = gnu11;
				GCC_NO_COMMON_BLOCKS = YES;
				GCC_WARN_64_TO_32_BIT_CONVERSION = YES;
				GCC_WARN_ABOUT_RETURN_TYPE = YES_ERROR;
				GCC_WARN_UNDECLARED_SELECTOR = YES;
				GCC_WARN_UNINITIALIZED_AUTOS = YES_AGGRESSIVE;
				GCC_WARN_UNUSED_FUNCTION = YES;
				GCC_WARN_UNUSED_VARIABLE = YES;
				IPHONEOS_DEPLOYMENT_TARGET = 13.0;
				MTL_ENABLE_DEBUG_INFO = NO;
				MTL_FAST_MATH = YES;
				SDKROOT = iphoneos;
				SWIFT_COMPILATION_MODE = wholemodule;
				SWIFT_OPTIMIZATION_LEVEL = "-O";
				VALIDATE_PRODUCT = YES;
			};
			name = Release;
		};
		F25B45C0231A6A2C008116A5 /* Debug */ = {
			isa = XCBuildConfiguration;
			buildSettings = {
				ASSETCATALOG_COMPILER_APPICON_NAME = AppIcon;
				CODE_SIGN_STYLE = Automatic;
				DEVELOPMENT_TEAM = 5X8B2DL74F;
				INFOPLIST_FILE = ARInfo/Info.plist;
				LD_RUNPATH_SEARCH_PATHS = (
					"$(inherited)",
					"@executable_path/Frameworks",
				);
				PRODUCT_BUNDLE_IDENTIFIER = com.piyushmakwana.ARInfo;
				PRODUCT_NAME = "$(TARGET_NAME)";
				SWIFT_VERSION = 5.0;
				TARGETED_DEVICE_FAMILY = "1,2";
			};
			name = Debug;
		};
		F25B45C1231A6A2C008116A5 /* Release */ = {
			isa = XCBuildConfiguration;
			buildSettings = {
				ASSETCATALOG_COMPILER_APPICON_NAME = AppIcon;
				CODE_SIGN_STYLE = Automatic;
				DEVELOPMENT_TEAM = 5X8B2DL74F;
				INFOPLIST_FILE = ARInfo/Info.plist;
				LD_RUNPATH_SEARCH_PATHS = (
					"$(inherited)",
					"@executable_path/Frameworks",
				);
				PRODUCT_BUNDLE_IDENTIFIER = com.piyushmakwana.ARInfo;
				PRODUCT_NAME = "$(TARGET_NAME)";
				SWIFT_VERSION = 5.0;
				TARGETED_DEVICE_FAMILY = "1,2";
			};
			name = Release;
		};
/* End XCBuildConfiguration section */

/* Begin XCConfigurationList section */
		F25B45A6231A6A2B008116A5 /* Build configuration list for PBXProject "ARInfo" */ = {
			isa = XCConfigurationList;
			buildConfigurations = (
				F25B45BD231A6A2C008116A5 /* Debug */,
				F25B45BE231A6A2C008116A5 /* Release */,
			);
			defaultConfigurationIsVisible = 0;
			defaultConfigurationName = Release;
		};
		F25B45BF231A6A2C008116A5 /* Build configuration list for PBXNativeTarget "ARInfo" */ = {
			isa = XCConfigurationList;
			buildConfigurations = (
				F25B45C0231A6A2C008116A5 /* Debug */,
				F25B45C1231A6A2C008116A5 /* Release */,
			);
			defaultConfigurationIsVisible = 0;
			defaultConfigurationName = Release;
		};
/* End XCConfigurationList section */
	};
	rootObject = F25B45A3231A6A2B008116A5 /* Project object */;
}
